
Microsoft Visual Studio Solution File, Format Version 12.00
# Visual Studio Version 16
VisualStudioVersion = 16.0.32929.386
MinimumVisualStudioVersion = 10.0.40219.1
Project("{2150E333-8FDC-42A3-9474-1A3956D46DE8}") = "Services", "Services", "{80042BAE-8F31-40B6-9D0A-0AFDA8B7E18A}"
EndProject
Project("{2150E333-8FDC-42A3-9474-1A3956D46DE8}") = "Catalog", "Catalog", "{FA0FD9EB-B4F4-456A-A3F5-1A1F51A766DB}"
EndProject
Project("{FAE04EC0-301F-11D3-BF4B-00C04F79EFBC}") = "Catalog.API", "Services\Catalog\Catalog.API\Catalog.API.csproj", "{B10F3BD4-FF5A-4377-8ED0-AD912265ECF8}"
EndProject
Project("{E53339B2-1760-4266-BCC7-CA923CBCF16C}") = "docker-compose", "docker-compose.dcproj", "{5ED15C9A-1C02-4158-9B47-B8DA184BFB27}"
EndProject
Project("{2150E333-8FDC-42A3-9474-1A3956D46DE8}") = "Basket", "Basket", "{1D6C7825-5213-436F-A1EB-04642516A51F}"
EndProject
Project("{FAE04EC0-301F-11D3-BF4B-00C04F79EFBC}") = "Basket.API", "Services\Basket\Basket.API\Basket.API.csproj", "{2C267192-7748-4E4E-8A16-7BEF1F7BE2EA}"
EndProject
Project("{2150E333-8FDC-42A3-9474-1A3956D46DE8}") = "Discount", "Discount", "{341BCE97-C992-4FB2-8487-3A68F82F7FA3}"
EndProject
Project("{FAE04EC0-301F-11D3-BF4B-00C04F79EFBC}") = "Discount.API", "Services\Discount\Discount.API\Discount.API.csproj", "{78C7D8D0-5AF5-42E3-B83D-D6652ABB25ED}"
EndProject
Global
	GlobalSection(SolutionConfigurationPlatforms) = preSolution
		Debug|Any CPU = Debug|Any CPU
		Release|Any CPU = Release|Any CPU
	EndGlobalSection
	GlobalSection(ProjectConfigurationPlatforms) = postSolution
		{B10F3BD4-FF5A-4377-8ED0-AD912265ECF8}.Debug|Any CPU.ActiveCfg = Debug|Any CPU
		{B10F3BD4-FF5A-4377-8ED0-AD912265ECF8}.Debug|Any CPU.Build.0 = Debug|Any CPU
		{B10F3BD4-FF5A-4377-8ED0-AD912265ECF8}.Release|Any CPU.ActiveCfg = Release|Any CPU
		{B10F3BD4-FF5A-4377-8ED0-AD912265ECF8}.Release|Any CPU.Build.0 = Release|Any CPU
		{5ED15C9A-1C02-4158-9B47-B8DA184BFB27}.Debug|Any CPU.ActiveCfg = Debug|Any CPU
		{5ED15C9A-1C02-4158-9B47-B8DA184BFB27}.Debug|Any CPU.Build.0 = Debug|Any CPU
		{5ED15C9A-1C02-4158-9B47-B8DA184BFB27}.Release|Any CPU.ActiveCfg = Release|Any CPU
		{5ED15C9A-1C02-4158-9B47-B8DA184BFB27}.Release|Any CPU.Build.0 = Release|Any CPU
		{2C267192-7748-4E4E-8A16-7BEF1F7BE2EA}.Debug|Any CPU.ActiveCfg = Debug|Any CPU
		{2C267192-7748-4E4E-8A16-7BEF1F7BE2EA}.Debug|Any CPU.Build.0 = Debug|Any CPU
		{2C267192-7748-4E4E-8A16-7BEF1F7BE2EA}.Release|Any CPU.ActiveCfg = Release|Any CPU
		{2C267192-7748-4E4E-8A16-7BEF1F7BE2EA}.Release|Any CPU.Build.0 = Release|Any CPU
		{78C7D8D0-5AF5-42E3-B83D-D6652ABB25ED}.Debug|Any CPU.ActiveCfg = Debug|Any CPU
		{78C7D8D0-5AF5-42E3-B83D-D6652ABB25ED}.Debug|Any CPU.Build.0 = Debug|Any CPU
		{78C7D8D0-5AF5-42E3-B83D-D6652ABB25ED}.Release|Any CPU.ActiveCfg = Release|Any CPU
		{78C7D8D0-5AF5-42E3-B83D-D6652ABB25ED}.Release|Any CPU.Build.0 = Release|Any CPU
	EndGlobalSection
	GlobalSection(SolutionProperties) = preSolution
		HideSolutionNode = FALSE
	EndGlobalSection
	GlobalSection(NestedProjects) = preSolution
		{FA0FD9EB-B4F4-456A-A3F5-1A1F51A766DB} = {80042BAE-8F31-40B6-9D0A-0AFDA8B7E18A}
		{B10F3BD4-FF5A-4377-8ED0-AD912265ECF8} = {FA0FD9EB-B4F4-456A-A3F5-1A1F51A766DB}
		{1D6C7825-5213-436F-A1EB-04642516A51F} = {80042BAE-8F31-40B6-9D0A-0AFDA8B7E18A}
		{2C267192-7748-4E4E-8A16-7BEF1F7BE2EA} = {1D6C7825-5213-436F-A1EB-04642516A51F}
		{341BCE97-C992-4FB2-8487-3A68F82F7FA3} = {80042BAE-8F31-40B6-9D0A-0AFDA8B7E18A}
		{78C7D8D0-5AF5-42E3-B83D-D6652ABB25ED} = {341BCE97-C992-4FB2-8487-3A68F82F7FA3}
	EndGlobalSection
	GlobalSection(ExtensibilityGlobals) = postSolution
		SolutionGuid = {3D30E520-BBE1-48B2-9D51-EC198E6F41AE}
	EndGlobalSection
EndGlobal
